
Microsoft Visual Studio Solution File, Format Version 12.00
# Visual Studio 15
VisualStudioVersion = 15.0.27428.2011
MinimumVisualStudioVersion = 10.0.40219.1
Project("{FAE04EC0-301F-11D3-BF4B-00C04F79EFBC}") = "VisionAPI_WPF_ClassLib", "VisionAPI_WPF_ClassLib\VisionAPI_WPF_ClassLib.csproj", "{735929F0-F8F1-4D93-B027-5D034FA7892B}"
EndProject
Project("{FAE04EC0-301F-11D3-BF4B-00C04F79EFBC}") = "VisionAPI_WPF_Samples", "VisionAPI_WPF_Samples\VisionAPI_WPF_Samples.csproj", "{AF7BED46-F071-4209-9C23-79BC912D0909}"
EndProject
Project("{FAE04EC0-301F-11D3-BF4B-00C04F79EFBC}") = "VisionAPI_MVC_Sample", "VisionAPI_MVC_Sample\VisionAPI_MVC_Sample.csproj", "{418A7563-E7FD-4222-AE2F-23FFF15997C6}"
EndProject
Project("{2150E333-8FDC-42A3-9474-1A3956D46DE8}") = "VisionAPI", "VisionAPI", "{3F94907E-FFCB-456F-BFED-9098BEE2474F}"
EndProject
Project("{2150E333-8FDC-42A3-9474-1A3956D46DE8}") = "FaceAndEmotionAPI", "FaceAndEmotionAPI", "{1282C6AF-4DCC-490A-8E77-3BB513770FDF}"
	ProjectSection(SolutionItems) = preProject
		FaceAndEmotionAPINote.txt = FaceAndEmotionAPINote.txt
	EndProjectSection
EndProject
Project("{FAE04EC0-301F-11D3-BF4B-00C04F79EFBC}") = "FaceAPI_WPF_ClassLib", "FaceAPI_WPF_ClassLib\FaceAPI_WPF_ClassLib.csproj", "{8654A351-D061-47F2-A7EB-DB2570EC76FD}"
EndProject
Project("{FAE04EC0-301F-11D3-BF4B-00C04F79EFBC}") = "FaceAPI_WPF_Samples", "FaceAPI_WPF_Samples\FaceAPI_WPF_Samples.csproj", "{A25DFB19-C947-4A66-AEDE-FB2A960916AD}"
EndProject
Project("{FAE04EC0-301F-11D3-BF4B-00C04F79EFBC}") = "EmotionAPI_WPF_Samples", "EmotionAPI_WPF_Sample\EmotionAPI_WPF_Samples.csproj", "{C971E718-CD51-4DC0-88D0-0E95F05BC8BC}"
EndProject
Global
	GlobalSection(SolutionConfigurationPlatforms) = preSolution
		Debug|Any CPU = Debug|Any CPU
		Release|Any CPU = Release|Any CPU
	EndGlobalSection
	GlobalSection(ProjectConfigurationPlatforms) = postSolution
		{735929F0-F8F1-4D93-B027-5D034FA7892B}.Debug|Any CPU.ActiveCfg = Debug|Any CPU
		{735929F0-F8F1-4D93-B027-5D034FA7892B}.Debug|Any CPU.Build.0 = Debug|Any CPU
		{735929F0-F8F1-4D93-B027-5D034FA7892B}.Release|Any CPU.ActiveCfg = Release|Any CPU
		{735929F0-F8F1-4D93-B027-5D034FA7892B}.Release|Any CPU.Build.0 = Release|Any CPU
		{AF7BED46-F071-4209-9C23-79BC912D0909}.Debug|Any CPU.ActiveCfg = Debug|Any CPU
		{AF7BED46-F071-4209-9C23-79BC912D0909}.Debug|Any CPU.Build.0 = Debug|Any CPU
		{AF7BED46-F071-4209-9C23-79BC912D0909}.Release|Any CPU.ActiveCfg = Release|Any CPU
		{AF7BED46-F071-4209-9C23-79BC912D0909}.Release|Any CPU.Build.0 = Release|Any CPU
		{418A7563-E7FD-4222-AE2F-23FFF15997C6}.Debug|Any CPU.ActiveCfg = Debug|Any CPU
		{418A7563-E7FD-4222-AE2F-23FFF15997C6}.Debug|Any CPU.Build.0 = Debug|Any CPU
		{418A7563-E7FD-4222-AE2F-23FFF15997C6}.Release|Any CPU.ActiveCfg = Release|Any CPU
		{418A7563-E7FD-4222-AE2F-23FFF15997C6}.Release|Any CPU.Build.0 = Release|Any CPU
		{8654A351-D061-47F2-A7EB-DB2570EC76FD}.Debug|Any CPU.ActiveCfg = Debug|Any CPU
		{8654A351-D061-47F2-A7EB-DB2570EC76FD}.Debug|Any CPU.Build.0 = Debug|Any CPU
		{8654A351-D061-47F2-A7EB-DB2570EC76FD}.Release|Any CPU.ActiveCfg = Release|Any CPU
		{8654A351-D061-47F2-A7EB-DB2570EC76FD}.Release|Any CPU.Build.0 = Release|Any CPU
		{A25DFB19-C947-4A66-AEDE-FB2A960916AD}.Debug|Any CPU.ActiveCfg = Debug|Any CPU
		{A25DFB19-C947-4A66-AEDE-FB2A960916AD}.Debug|Any CPU.Build.0 = Debug|Any CPU
		{A25DFB19-C947-4A66-AEDE-FB2A960916AD}.Release|Any CPU.ActiveCfg = Release|Any CPU
		{A25DFB19-C947-4A66-AEDE-FB2A960916AD}.Release|Any CPU.Build.0 = Release|Any CPU
		{C971E718-CD51-4DC0-88D0-0E95F05BC8BC}.Debug|Any CPU.ActiveCfg = Debug|Any CPU
		{C971E718-CD51-4DC0-88D0-0E95F05BC8BC}.Debug|Any CPU.Build.0 = Debug|Any CPU
		{C971E718-CD51-4DC0-88D0-0E95F05BC8BC}.Release|Any CPU.ActiveCfg = Release|Any CPU
		{C971E718-CD51-4DC0-88D0-0E95F05BC8BC}.Release|Any CPU.Build.0 = Release|Any CPU
	EndGlobalSection
	GlobalSection(SolutionProperties) = preSolution
		HideSolutionNode = FALSE
	EndGlobalSection
	GlobalSection(NestedProjects) = preSolution
		{735929F0-F8F1-4D93-B027-5D034FA7892B} = {3F94907E-FFCB-456F-BFED-9098BEE2474F}
		{AF7BED46-F071-4209-9C23-79BC912D0909} = {3F94907E-FFCB-456F-BFED-9098BEE2474F}
		{418A7563-E7FD-4222-AE2F-23FFF15997C6} = {3F94907E-FFCB-456F-BFED-9098BEE2474F}
		{8654A351-D061-47F2-A7EB-DB2570EC76FD} = {1282C6AF-4DCC-490A-8E77-3BB513770FDF}
		{A25DFB19-C947-4A66-AEDE-FB2A960916AD} = {1282C6AF-4DCC-490A-8E77-3BB513770FDF}
		{C971E718-CD51-4DC0-88D0-0E95F05BC8BC} = {1282C6AF-4DCC-490A-8E77-3BB513770FDF}
	EndGlobalSection
	GlobalSection(ExtensibilityGlobals) = postSolution
		SolutionGuid = {0D2E561F-6B24-46E1-B190-A8BC0F2A3C13}
	EndGlobalSection
EndGlobal
