
Microsoft Visual Studio Solution File, Format Version 12.00
# Visual Studio 15
VisualStudioVersion = 15.0.27428.2011
MinimumVisualStudioVersion = 10.0.40219.1
Project("{FAE04EC0-301F-11D3-BF4B-00C04F79EFBC}") = "Sample-MVC", "Sample-MVC\Sample-MVC.csproj", "{76DDD7D2-F9ED-4BA5-89AE-0BA731BAF584}"
EndProject
Project("{FAE04EC0-301F-11D3-BF4B-00C04F79EFBC}") = "Sample-WPF", "Sample-WPF\Sample-WPF.csproj", "{AF7BED46-F071-4209-9C23-79BC912D0909}"
EndProject
Project("{FAE04EC0-301F-11D3-BF4B-00C04F79EFBC}") = "WPF-ClassLib", "WPF-ClassLib\WPF-ClassLib.csproj", "{735929F0-F8F1-4D93-B027-5D034FA7892B}"
EndProject
Global
	GlobalSection(SolutionConfigurationPlatforms) = preSolution
		Debug|Any CPU = Debug|Any CPU
		Release|Any CPU = Release|Any CPU
	EndGlobalSection
	GlobalSection(ProjectConfigurationPlatforms) = postSolution
		{76DDD7D2-F9ED-4BA5-89AE-0BA731BAF584}.Debug|Any CPU.ActiveCfg = Debug|Any CPU
		{76DDD7D2-F9ED-4BA5-89AE-0BA731BAF584}.Debug|Any CPU.Build.0 = Debug|Any CPU
		{76DDD7D2-F9ED-4BA5-89AE-0BA731BAF584}.Release|Any CPU.ActiveCfg = Release|Any CPU
		{76DDD7D2-F9ED-4BA5-89AE-0BA731BAF584}.Release|Any CPU.Build.0 = Release|Any CPU
		{AF7BED46-F071-4209-9C23-79BC912D0909}.Debug|Any CPU.ActiveCfg = Debug|Any CPU
		{AF7BED46-F071-4209-9C23-79BC912D0909}.Debug|Any CPU.Build.0 = Debug|Any CPU
		{AF7BED46-F071-4209-9C23-79BC912D0909}.Release|Any CPU.ActiveCfg = Release|Any CPU
		{AF7BED46-F071-4209-9C23-79BC912D0909}.Release|Any CPU.Build.0 = Release|Any CPU
		{735929F0-F8F1-4D93-B027-5D034FA7892B}.Debug|Any CPU.ActiveCfg = Debug|Any CPU
		{735929F0-F8F1-4D93-B027-5D034FA7892B}.Debug|Any CPU.Build.0 = Debug|Any CPU
		{735929F0-F8F1-4D93-B027-5D034FA7892B}.Release|Any CPU.ActiveCfg = Release|Any CPU
		{735929F0-F8F1-4D93-B027-5D034FA7892B}.Release|Any CPU.Build.0 = Release|Any CPU
	EndGlobalSection
	GlobalSection(SolutionProperties) = preSolution
		HideSolutionNode = FALSE
	EndGlobalSection
	GlobalSection(ExtensibilityGlobals) = postSolution
		SolutionGuid = {0D2E561F-6B24-46E1-B190-A8BC0F2A3C13}
	EndGlobalSection
EndGlobal
